
Microsoft Visual Studio Solution File, Format Version 12.00
# Visual Studio 15
VisualStudioVersion = 15.0.28307.168
MinimumVisualStudioVersion = 10.0.40219.1
Project("{9A19103F-16F7-4668-BE54-9A1E7A4F7556}") = "WebApi", "WebApi\WebApi.csproj", "{01A920E0-6C27-4C2D-9DD7-3EA5DF8694EB}"
EndProject
Global
	GlobalSection(SolutionConfigurationPlatforms) = preSolution
		Debug|Any CPU = Debug|Any CPU
		Release|Any CPU = Release|Any CPU
	EndGlobalSection
	GlobalSection(ProjectConfigurationPlatforms) = postSolution
		{01A920E0-6C27-4C2D-9DD7-3EA5DF8694EB}.Debug|Any CPU.ActiveCfg = Debug|Any CPU
		{01A920E0-6C27-4C2D-9DD7-3EA5DF8694EB}.Debug|Any CPU.Build.0 = Debug|Any CPU
		{01A920E0-6C27-4C2D-9DD7-3EA5DF8694EB}.Release|Any CPU.ActiveCfg = Release|Any CPU
		{01A920E0-6C27-4C2D-9DD7-3EA5DF8694EB}.Release|Any CPU.Build.0 = Release|Any CPU
	EndGlobalSection
	GlobalSection(SolutionProperties) = preSolution
		HideSolutionNode = FALSE
	EndGlobalSection
	GlobalSection(ExtensibilityGlobals) = postSolution
		SolutionGuid = {B0DAEE34-FA29-419D-951C-417FC5456A4C}
	EndGlobalSection
EndGlobal
